{
  "nodes": {
    "home-manager": {
      "inputs": {
        "nixpkgs": [
          "nixpkgs"
        ]
      },
      "locked": {
        "lastModified": 1725703823,
        "narHash": "sha256-tDgM4d8mLK0Hd6YMB2w1BqMto1XBXADOzPEaLl10VI4=",
        "owner": "nix-community",
        "repo": "home-manager",
        "rev": "208df2e558b73b6a1f0faec98493cb59a25f62ba",
        "type": "github"
      },
      "original": {
        "owner": "nix-community",
        "ref": "release-24.05",
        "repo": "home-manager",
        "type": "github"
      }
    },
    "nixpkgs": {
      "locked": {
        "lastModified": 1725930920,
        "narHash": "sha256-RVhD9hnlTT2nJzPHlAqrWqCkA7T6CYrP41IoVRkciZM=",
        "owner": "nixos",
        "repo": "nixpkgs",
        "rev": "44a71ff39c182edaf25a7ace5c9454e7cba2c658",
        "type": "github"
      },
      "original": {
        "owner": "nixos",
        "ref": "nixos-24.05",
        "repo": "nixpkgs",
        "type": "github"
      }
    },
    "nixpkgs-old-nodejs": {
      "locked": {
        "lastModified": 1607861213,
        "narHash": "sha256-pgkE9Q6q410Ch1Twg5hw3bHtRLj9BLLDH1v7HnD4yCM=",
        "owner": "nixos",
        "repo": "nixpkgs",
        "rev": "62fab0d98ae9f62c41832ec2986bb7d8622786a0",
        "type": "github"
      },
      "original": {
        "owner": "nixos",
        "repo": "nixpkgs",
        "rev": "62fab0d98ae9f62c41832ec2986bb7d8622786a0",
        "type": "github"
      }
    },
    "nixpkgs-unstable": {
      "locked": {
        "lastModified": 1725983898,
        "narHash": "sha256-4b3A9zPpxAxLnkF9MawJNHDtOOl6ruL0r6Og1TEDGCE=",
        "owner": "nixos",
        "repo": "nixpkgs",
        "rev": "1355a0cbfeac61d785b7183c0caaec1f97361b43",
        "type": "github"
      },
      "original": {
        "owner": "nixos",
        "ref": "nixos-unstable",
        "repo": "nixpkgs",
        "type": "github"
      }
    },
    "root": {
      "inputs": {
        "home-manager": "home-manager",
        "nixpkgs": "nixpkgs",
        "nixpkgs-old-nodejs": "nixpkgs-old-nodejs",
        "nixpkgs-unstable": "nixpkgs-unstable"
      }
    }
  },
  "root": "root",
  "version": 7
}
